
Microsoft Visual Studio Solution File, Format Version 12.00
# Visual Studio Version 16
VisualStudioVersion = 16.0.30320.27
MinimumVisualStudioVersion = 10.0.40219.1
Project("{8BC9CEB8-8B4A-11D0-8D11-00A0C91BC942}") = "lec03", "lec03\lec03.vcxproj", "{493E9222-CCFD-4C9E-97B2-49198A7CC6C5}"
EndProject
Global
	GlobalSection(SolutionConfigurationPlatforms) = preSolution
		Debug|x64 = Debug|x64
		Debug|x86 = Debug|x86
		Release|x64 = Release|x64
		Release|x86 = Release|x86
	EndGlobalSection
	GlobalSection(ProjectConfigurationPlatforms) = postSolution
		{493E9222-CCFD-4C9E-97B2-49198A7CC6C5}.Debug|x64.ActiveCfg = Debug|x64
		{493E9222-CCFD-4C9E-97B2-49198A7CC6C5}.Debug|x64.Build.0 = Debug|x64
		{493E9222-CCFD-4C9E-97B2-49198A7CC6C5}.Debug|x86.ActiveCfg = Debug|Win32
		{493E9222-CCFD-4C9E-97B2-49198A7CC6C5}.Debug|x86.Build.0 = Debug|Win32
		{493E9222-CCFD-4C9E-97B2-49198A7CC6C5}.Release|x64.ActiveCfg = Release|x64
		{493E9222-CCFD-4C9E-97B2-49198A7CC6C5}.Release|x64.Build.0 = Release|x64
		{493E9222-CCFD-4C9E-97B2-49198A7CC6C5}.Release|x86.ActiveCfg = Release|Win32
		{493E9222-CCFD-4C9E-97B2-49198A7CC6C5}.Release|x86.Build.0 = Release|Win32
	EndGlobalSection
	GlobalSection(SolutionProperties) = preSolution
		HideSolutionNode = FALSE
	EndGlobalSection
	GlobalSection(ExtensibilityGlobals) = postSolution
		SolutionGuid = {FDB56067-C5C5-4A0F-9977-F038E0F8BFFB}
	EndGlobalSection
EndGlobal
